// !$*UTF8*$!
{
	archiveVersion = 1;
	classes = {
	};
	objectVersion = 46;
	objects = {

/* Begin PBXBuildFile section */
		D73588A11B2F3EF000BB80A6 /* main.m in Sources */ = {isa = PBXBuildFile; fileRef = D73588A01B2F3EF000BB80A6 /* main.m */; };
		D73588A41B2F3EF000BB80A6 /* AppDelegate.m in Sources */ = {isa = PBXBuildFile; fileRef = D73588A31B2F3EF000BB80A6 /* AppDelegate.m */; };
		D73588AC1B2F3EF000BB80A6 /* Images.xcassets in Resources */ = {isa = PBXBuildFile; fileRef = D73588AB1B2F3EF000BB80A6 /* Images.xcassets */; };
		D73588AF1B2F3EF000BB80A6 /* LaunchScreen.xib in Resources */ = {isa = PBXBuildFile; fileRef = D73588AD1B2F3EF000BB80A6 /* LaunchScreen.xib */; };
		D73588BB1B2F3EF000BB80A6 /* ShowOffTests.m in Sources */ = {isa = PBXBuildFile; fileRef = D73588BA1B2F3EF000BB80A6 /* ShowOffTests.m */; };
		D79ACB521B37EAC700E01D01 /* MeTableView.m in Sources */ = {isa = PBXBuildFile; fileRef = D79ACB511B37EAC700E01D01 /* MeTableView.m */; };
		D79ACB551B37EBBD00E01D01 /* MeUserInfoTableViewCell.m in Sources */ = {isa = PBXBuildFile; fileRef = D79ACB541B37EBBD00E01D01 /* MeUserInfoTableViewCell.m */; };
		D79ACB581B37EC6800E01D01 /* MeSettingTableViewCell.m in Sources */ = {isa = PBXBuildFile; fileRef = D79ACB571B37EC6800E01D01 /* MeSettingTableViewCell.m */; };
		D79ACB5B1B37EC7800E01D01 /* MeSwitchTableViewCell.m in Sources */ = {isa = PBXBuildFile; fileRef = D79ACB5A1B37EC7800E01D01 /* MeSwitchTableViewCell.m */; };
		D79ACB5D1B37F99500E01D01 /* Main.storyboard in Resources */ = {isa = PBXBuildFile; fileRef = D79ACB5C1B37F99500E01D01 /* Main.storyboard */; };
		E3170038D6F342276A11F688 /* libPods.a in Frameworks */ = {isa = PBXBuildFile; fileRef = 4FBD072BB593FA35AFC4C539 /* libPods.a */; };
		F57E462B1B38FF8E004D4DB6 /* Utils.m in Sources */ = {isa = PBXBuildFile; fileRef = F57E462A1B38FF8E004D4DB6 /* Utils.m */; };
		F57E462E1B3926E0004D4DB6 /* LoginViewController.m in Sources */ = {isa = PBXBuildFile; fileRef = F57E462D1B3926E0004D4DB6 /* LoginViewController.m */; };
		F57E46311B3934B4004D4DB6 /* UserNamePasswordInputViewController.m in Sources */ = {isa = PBXBuildFile; fileRef = F57E46301B3934B4004D4DB6 /* UserNamePasswordInputViewController.m */; };
		F57E46331B3943E3004D4DB6 /* SystemConfiguration.framework in Frameworks */ = {isa = PBXBuildFile; fileRef = F57E46321B3943E3004D4DB6 /* SystemConfiguration.framework */; };
		F57E46351B3943EA004D4DB6 /* MobileCoreServices.framework in Frameworks */ = {isa = PBXBuildFile; fileRef = F57E46341B3943EA004D4DB6 /* MobileCoreServices.framework */; };
		F57E46371B3943F0004D4DB6 /* CoreTelephony.framework in Frameworks */ = {isa = PBXBuildFile; fileRef = F57E46361B3943F0004D4DB6 /* CoreTelephony.framework */; };
		F57E46391B3943F5004D4DB6 /* CoreLocation.framework in Frameworks */ = {isa = PBXBuildFile; fileRef = F57E46381B3943F5004D4DB6 /* CoreLocation.framework */; };
		F57E463B1B3943FB004D4DB6 /* libicucore.dylib in Frameworks */ = {isa = PBXBuildFile; fileRef = F57E463A1B3943FB004D4DB6 /* libicucore.dylib */; };
		F57E463D1B39440A004D4DB6 /* libc++.dylib in Frameworks */ = {isa = PBXBuildFile; fileRef = F57E463C1B39440A004D4DB6 /* libc++.dylib */; };
		F58AFCB11B33B79300E1AC4C /* HomeViewController.m in Sources */ = {isa = PBXBuildFile; fileRef = F58AFCB01B33B79300E1AC4C /* HomeViewController.m */; };
		F58AFCB41B33B7BA00E1AC4C /* NewestTableView.m in Sources */ = {isa = PBXBuildFile; fileRef = F58AFCB31B33B7BA00E1AC4C /* NewestTableView.m */; };
		F58AFCB71B33BA4400E1AC4C /* HottestTableView.m in Sources */ = {isa = PBXBuildFile; fileRef = F58AFCB61B33BA4400E1AC4C /* HottestTableView.m */; };
		F58AFCBD1B33BC2D00E1AC4C /* NewestTableViewCell.xib in Resources */ = {isa = PBXBuildFile; fileRef = F58AFCBC1B33BC2D00E1AC4C /* NewestTableViewCell.xib */; };
		F58AFCC21B33BCA600E1AC4C /* NewestTableViewCell.m in Sources */ = {isa = PBXBuildFile; fileRef = F58AFCC11B33BCA600E1AC4C /* NewestTableViewCell.m */; };
		F58AFCC41B33BFF500E1AC4C /* HottestTableViewCell.xib in Resources */ = {isa = PBXBuildFile; fileRef = F58AFCC31B33BFF500E1AC4C /* HottestTableViewCell.xib */; };
		F58AFCC71B33C01400E1AC4C /* HottestTableViewCell.m in Sources */ = {isa = PBXBuildFile; fileRef = F58AFCC61B33C01400E1AC4C /* HottestTableViewCell.m */; };
		F58AFCCC1B33E03100E1AC4C /* PostObject.m in Sources */ = {isa = PBXBuildFile; fileRef = F58AFCCB1B33E03100E1AC4C /* PostObject.m */; };
		F58AFCD11B33E31000E1AC4C /* User.m in Sources */ = {isa = PBXBuildFile; fileRef = F58AFCD01B33E31000E1AC4C /* User.m */; };
		F58AFCDF1B343A4200E1AC4C /* MeViewController.m in Sources */ = {isa = PBXBuildFile; fileRef = F58AFCDE1B343A4200E1AC4C /* MeViewController.m */; };
		F58BBA111B3BE5FE00D2BD52 /* GenderTableViewCell.m in Sources */ = {isa = PBXBuildFile; fileRef = F58BBA101B3BE5FE00D2BD52 /* GenderTableViewCell.m */; };
		F58BBA141B3BFAA000D2BD52 /* SexualOrientationChangeTableViewController.m in Sources */ = {isa = PBXBuildFile; fileRef = F58BBA131B3BFAA000D2BD52 /* SexualOrientationChangeTableViewController.m */; };
		F58BBA171B3BFB1B00D2BD52 /* SexualOrientationTableViewCell.m in Sources */ = {isa = PBXBuildFile; fileRef = F58BBA161B3BFB1B00D2BD52 /* SexualOrientationTableViewCell.m */; };
		F58C51491B3A83D000DEDE11 /* MeInfoTableViewCell.xib in Resources */ = {isa = PBXBuildFile; fileRef = F58C51481B3A83D000DEDE11 /* MeInfoTableViewCell.xib */; };
		F58C514F1B3A85DC00DEDE11 /* MeInfoTableViewCell.m in Sources */ = {isa = PBXBuildFile; fileRef = F58C514E1B3A85DC00DEDE11 /* MeInfoTableViewCell.m */; };
		F58C51521B3A863C00DEDE11 /* MeInfoTableView.m in Sources */ = {isa = PBXBuildFile; fileRef = F58C51511B3A863C00DEDE11 /* MeInfoTableView.m */; };
		F58C51561B3A92F000DEDE11 /* MeInfoViewController.m in Sources */ = {isa = PBXBuildFile; fileRef = F58C51551B3A92F000DEDE11 /* MeInfoViewController.m */; };
		F58C515A1B3AA3D100DEDE11 /* MeInfoSettingTableViewController.m in Sources */ = {isa = PBXBuildFile; fileRef = F58C51591B3AA3D100DEDE11 /* MeInfoSettingTableViewController.m */; };
		F58C515D1B3AAD5100DEDE11 /* MeInfoImageChangeTableViewCell.m in Sources */ = {isa = PBXBuildFile; fileRef = F58C515C1B3AAD5100DEDE11 /* MeInfoImageChangeTableViewCell.m */; };
		F58C51601B3AAECD00DEDE11 /* MeInfoSettingIndicatorTableViewCell.m in Sources */ = {isa = PBXBuildFile; fileRef = F58C515F1B3AAECD00DEDE11 /* MeInfoSettingIndicatorTableViewCell.m */; };
		F58C51631B3AAF3500DEDE11 /* MeInfoSettingTableViewCell.m in Sources */ = {isa = PBXBuildFile; fileRef = F58C51621B3AAF3500DEDE11 /* MeInfoSettingTableViewCell.m */; };
		F58C51661B3AB39D00DEDE11 /* NickNameChangeViewController.m in Sources */ = {isa = PBXBuildFile; fileRef = F58C51651B3AB39D00DEDE11 /* NickNameChangeViewController.m */; };
		F58C51691B3AD64800DEDE11 /* DescriptionChangeViewController.m in Sources */ = {isa = PBXBuildFile; fileRef = F58C51681B3AD64800DEDE11 /* DescriptionChangeViewController.m */; };
		F58C51701B3ADDA800DEDE11 /* MSDTextView.m in Sources */ = {isa = PBXBuildFile; fileRef = F58C516F1B3ADDA800DEDE11 /* MSDTextView.m */; };
		F5A0143E1B3B9DA6000CB1B7 /* UserPreference.m in Sources */ = {isa = PBXBuildFile; fileRef = F5A0143D1B3B9DA6000CB1B7 /* UserPreference.m */; };
		F5E00E601B3B129C00ACE6B6 /* GenderChangeTableViewController.m in Sources */ = {isa = PBXBuildFile; fileRef = F5E00E5F1B3B129C00ACE6B6 /* GenderChangeTableViewController.m */; };
/* End PBXBuildFile section */

/* Begin PBXContainerItemProxy section */
		D73588B51B2F3EF000BB80A6 /* PBXContainerItemProxy */ = {
			isa = PBXContainerItemProxy;
			containerPortal = D73588931B2F3EF000BB80A6 /* Project object */;
			proxyType = 1;
			remoteGlobalIDString = D735889A1B2F3EF000BB80A6;
			remoteInfo = ShowOff;
		};
/* End PBXContainerItemProxy section */

/* Begin PBXFileReference section */
		0520A53065392D164C05272A /* Pods.debug.xcconfig */ = {isa = PBXFileReference; includeInIndex = 1; lastKnownFileType = text.xcconfig; name = Pods.debug.xcconfig; path = "Pods/Target Support Files/Pods/Pods.debug.xcconfig"; sourceTree = "<group>"; };
		4EB331DC72A19A2559A59DA0 /* Pods.release.xcconfig */ = {isa = PBXFileReference; includeInIndex = 1; lastKnownFileType = text.xcconfig; name = Pods.release.xcconfig; path = "Pods/Target Support Files/Pods/Pods.release.xcconfig"; sourceTree = "<group>"; };
		4FBD072BB593FA35AFC4C539 /* libPods.a */ = {isa = PBXFileReference; explicitFileType = archive.ar; includeInIndex = 0; path = libPods.a; sourceTree = BUILT_PRODUCTS_DIR; };
		D735889B1B2F3EF000BB80A6 /* ShowOff.app */ = {isa = PBXFileReference; explicitFileType = wrapper.application; includeInIndex = 0; path = ShowOff.app; sourceTree = BUILT_PRODUCTS_DIR; };
		D735889F1B2F3EF000BB80A6 /* Info.plist */ = {isa = PBXFileReference; lastKnownFileType = text.plist.xml; path = Info.plist; sourceTree = "<group>"; };
		D73588A01B2F3EF000BB80A6 /* main.m */ = {isa = PBXFileReference; lastKnownFileType = sourcecode.c.objc; path = main.m; sourceTree = "<group>"; };
		D73588A21B2F3EF000BB80A6 /* AppDelegate.h */ = {isa = PBXFileReference; lastKnownFileType = sourcecode.c.h; path = AppDelegate.h; sourceTree = "<group>"; };
		D73588A31B2F3EF000BB80A6 /* AppDelegate.m */ = {isa = PBXFileReference; lastKnownFileType = sourcecode.c.objc; path = AppDelegate.m; sourceTree = "<group>"; };
		D73588AB1B2F3EF000BB80A6 /* Images.xcassets */ = {isa = PBXFileReference; lastKnownFileType = folder.assetcatalog; path = Images.xcassets; sourceTree = "<group>"; };
		D73588AE1B2F3EF000BB80A6 /* Base */ = {isa = PBXFileReference; lastKnownFileType = file.xib; name = Base; path = Base.lproj/LaunchScreen.xib; sourceTree = "<group>"; };
		D73588B41B2F3EF000BB80A6 /* ShowOffTests.xctest */ = {isa = PBXFileReference; explicitFileType = wrapper.cfbundle; includeInIndex = 0; path = ShowOffTests.xctest; sourceTree = BUILT_PRODUCTS_DIR; };
		D73588B91B2F3EF000BB80A6 /* Info.plist */ = {isa = PBXFileReference; lastKnownFileType = text.plist.xml; path = Info.plist; sourceTree = "<group>"; };
		D73588BA1B2F3EF000BB80A6 /* ShowOffTests.m */ = {isa = PBXFileReference; lastKnownFileType = sourcecode.c.objc; path = ShowOffTests.m; sourceTree = "<group>"; };
		D79ACB501B37EAC700E01D01 /* MeTableView.h */ = {isa = PBXFileReference; fileEncoding = 4; lastKnownFileType = sourcecode.c.h; name = MeTableView.h; path = Classes/MeTableView.h; sourceTree = "<group>"; };
		D79ACB511B37EAC700E01D01 /* MeTableView.m */ = {isa = PBXFileReference; fileEncoding = 4; lastKnownFileType = sourcecode.c.objc; name = MeTableView.m; path = Classes/MeTableView.m; sourceTree = "<group>"; };
		D79ACB531B37EBBD00E01D01 /* MeUserInfoTableViewCell.h */ = {isa = PBXFileReference; fileEncoding = 4; lastKnownFileType = sourcecode.c.h; name = MeUserInfoTableViewCell.h; path = Classes/MeUserInfoTableViewCell.h; sourceTree = "<group>"; };
		D79ACB541B37EBBD00E01D01 /* MeUserInfoTableViewCell.m */ = {isa = PBXFileReference; fileEncoding = 4; lastKnownFileType = sourcecode.c.objc; name = MeUserInfoTableViewCell.m; path = Classes/MeUserInfoTableViewCell.m; sourceTree = "<group>"; };
		D79ACB561B37EC6800E01D01 /* MeSettingTableViewCell.h */ = {isa = PBXFileReference; fileEncoding = 4; lastKnownFileType = sourcecode.c.h; name = MeSettingTableViewCell.h; path = Classes/MeSettingTableViewCell.h; sourceTree = "<group>"; };
		D79ACB571B37EC6800E01D01 /* MeSettingTableViewCell.m */ = {isa = PBXFileReference; fileEncoding = 4; lastKnownFileType = sourcecode.c.objc; name = MeSettingTableViewCell.m; path = Classes/MeSettingTableViewCell.m; sourceTree = "<group>"; };
		D79ACB591B37EC7800E01D01 /* MeSwitchTableViewCell.h */ = {isa = PBXFileReference; fileEncoding = 4; lastKnownFileType = sourcecode.c.h; name = MeSwitchTableViewCell.h; path = Classes/MeSwitchTableViewCell.h; sourceTree = "<group>"; };
		D79ACB5A1B37EC7800E01D01 /* MeSwitchTableViewCell.m */ = {isa = PBXFileReference; fileEncoding = 4; lastKnownFileType = sourcecode.c.objc; name = MeSwitchTableViewCell.m; path = Classes/MeSwitchTableViewCell.m; sourceTree = "<group>"; };
		D79ACB5C1B37F99500E01D01 /* Main.storyboard */ = {isa = PBXFileReference; fileEncoding = 4; lastKnownFileType = file.storyboard; path = Main.storyboard; sourceTree = "<group>"; };
		F57E46291B38FF8E004D4DB6 /* Utils.h */ = {isa = PBXFileReference; fileEncoding = 4; lastKnownFileType = sourcecode.c.h; path = Utils.h; sourceTree = "<group>"; };
		F57E462A1B38FF8E004D4DB6 /* Utils.m */ = {isa = PBXFileReference; fileEncoding = 4; lastKnownFileType = sourcecode.c.objc; path = Utils.m; sourceTree = "<group>"; };
		F57E462C1B3926E0004D4DB6 /* LoginViewController.h */ = {isa = PBXFileReference; fileEncoding = 4; lastKnownFileType = sourcecode.c.h; name = LoginViewController.h; path = Classes/LoginViewController.h; sourceTree = "<group>"; };
		F57E462D1B3926E0004D4DB6 /* LoginViewController.m */ = {isa = PBXFileReference; fileEncoding = 4; lastKnownFileType = sourcecode.c.objc; name = LoginViewController.m; path = Classes/LoginViewController.m; sourceTree = "<group>"; };
		F57E462F1B3934B4004D4DB6 /* UserNamePasswordInputViewController.h */ = {isa = PBXFileReference; fileEncoding = 4; lastKnownFileType = sourcecode.c.h; name = UserNamePasswordInputViewController.h; path = Classes/UserNamePasswordInputViewController.h; sourceTree = "<group>"; };
		F57E46301B3934B4004D4DB6 /* UserNamePasswordInputViewController.m */ = {isa = PBXFileReference; fileEncoding = 4; lastKnownFileType = sourcecode.c.objc; name = UserNamePasswordInputViewController.m; path = Classes/UserNamePasswordInputViewController.m; sourceTree = "<group>"; };
		F57E46321B3943E3004D4DB6 /* SystemConfiguration.framework */ = {isa = PBXFileReference; lastKnownFileType = wrapper.framework; name = SystemConfiguration.framework; path = System/Library/Frameworks/SystemConfiguration.framework; sourceTree = SDKROOT; };
		F57E46341B3943EA004D4DB6 /* MobileCoreServices.framework */ = {isa = PBXFileReference; lastKnownFileType = wrapper.framework; name = MobileCoreServices.framework; path = System/Library/Frameworks/MobileCoreServices.framework; sourceTree = SDKROOT; };
		F57E46361B3943F0004D4DB6 /* CoreTelephony.framework */ = {isa = PBXFileReference; lastKnownFileType = wrapper.framework; name = CoreTelephony.framework; path = System/Library/Frameworks/CoreTelephony.framework; sourceTree = SDKROOT; };
		F57E46381B3943F5004D4DB6 /* CoreLocation.framework */ = {isa = PBXFileReference; lastKnownFileType = wrapper.framework; name = CoreLocation.framework; path = System/Library/Frameworks/CoreLocation.framework; sourceTree = SDKROOT; };
		F57E463A1B3943FB004D4DB6 /* libicucore.dylib */ = {isa = PBXFileReference; lastKnownFileType = "compiled.mach-o.dylib"; name = libicucore.dylib; path = usr/lib/libicucore.dylib; sourceTree = SDKROOT; };
		F57E463C1B39440A004D4DB6 /* libc++.dylib */ = {isa = PBXFileReference; lastKnownFileType = "compiled.mach-o.dylib"; name = "libc++.dylib"; path = "usr/lib/libc++.dylib"; sourceTree = SDKROOT; };
		F58AFCAF1B33B79300E1AC4C /* HomeViewController.h */ = {isa = PBXFileReference; fileEncoding = 4; lastKnownFileType = sourcecode.c.h; name = HomeViewController.h; path = Classes/HomeViewController.h; sourceTree = "<group>"; };
		F58AFCB01B33B79300E1AC4C /* HomeViewController.m */ = {isa = PBXFileReference; fileEncoding = 4; lastKnownFileType = sourcecode.c.objc; name = HomeViewController.m; path = Classes/HomeViewController.m; sourceTree = "<group>"; };
		F58AFCB21B33B7BA00E1AC4C /* NewestTableView.h */ = {isa = PBXFileReference; fileEncoding = 4; lastKnownFileType = sourcecode.c.h; name = NewestTableView.h; path = Classes/NewestTableView.h; sourceTree = "<group>"; };
		F58AFCB31B33B7BA00E1AC4C /* NewestTableView.m */ = {isa = PBXFileReference; fileEncoding = 4; lastKnownFileType = sourcecode.c.objc; name = NewestTableView.m; path = Classes/NewestTableView.m; sourceTree = "<group>"; };
		F58AFCB51B33BA4400E1AC4C /* HottestTableView.h */ = {isa = PBXFileReference; fileEncoding = 4; lastKnownFileType = sourcecode.c.h; name = HottestTableView.h; path = Classes/HottestTableView.h; sourceTree = "<group>"; };
		F58AFCB61B33BA4400E1AC4C /* HottestTableView.m */ = {isa = PBXFileReference; fileEncoding = 4; lastKnownFileType = sourcecode.c.objc; name = HottestTableView.m; path = Classes/HottestTableView.m; sourceTree = "<group>"; };
		F58AFCBC1B33BC2D00E1AC4C /* NewestTableViewCell.xib */ = {isa = PBXFileReference; fileEncoding = 4; lastKnownFileType = file.xib; path = NewestTableViewCell.xib; sourceTree = "<group>"; };
		F58AFCC01B33BCA600E1AC4C /* NewestTableViewCell.h */ = {isa = PBXFileReference; fileEncoding = 4; lastKnownFileType = sourcecode.c.h; name = NewestTableViewCell.h; path = Classes/NewestTableViewCell.h; sourceTree = "<group>"; };
		F58AFCC11B33BCA600E1AC4C /* NewestTableViewCell.m */ = {isa = PBXFileReference; fileEncoding = 4; lastKnownFileType = sourcecode.c.objc; name = NewestTableViewCell.m; path = Classes/NewestTableViewCell.m; sourceTree = "<group>"; };
		F58AFCC31B33BFF500E1AC4C /* HottestTableViewCell.xib */ = {isa = PBXFileReference; fileEncoding = 4; lastKnownFileType = file.xib; path = HottestTableViewCell.xib; sourceTree = "<group>"; };
		F58AFCC51B33C01400E1AC4C /* HottestTableViewCell.h */ = {isa = PBXFileReference; fileEncoding = 4; lastKnownFileType = sourcecode.c.h; name = HottestTableViewCell.h; path = Classes/HottestTableViewCell.h; sourceTree = "<group>"; };
		F58AFCC61B33C01400E1AC4C /* HottestTableViewCell.m */ = {isa = PBXFileReference; fileEncoding = 4; lastKnownFileType = sourcecode.c.objc; name = HottestTableViewCell.m; path = Classes/HottestTableViewCell.m; sourceTree = "<group>"; };
		F58AFCC81B33C26C00E1AC4C /* Universal.h */ = {isa = PBXFileReference; lastKnownFileType = sourcecode.c.h; path = Universal.h; sourceTree = "<group>"; };
		F58AFCCA1B33E03100E1AC4C /* PostObject.h */ = {isa = PBXFileReference; fileEncoding = 4; lastKnownFileType = sourcecode.c.h; name = PostObject.h; path = Classes/PostObject.h; sourceTree = "<group>"; };
		F58AFCCB1B33E03100E1AC4C /* PostObject.m */ = {isa = PBXFileReference; fileEncoding = 4; lastKnownFileType = sourcecode.c.objc; name = PostObject.m; path = Classes/PostObject.m; sourceTree = "<group>"; };
		F58AFCCF1B33E31000E1AC4C /* User.h */ = {isa = PBXFileReference; fileEncoding = 4; lastKnownFileType = sourcecode.c.h; name = User.h; path = Classes/User.h; sourceTree = "<group>"; };
		F58AFCD01B33E31000E1AC4C /* User.m */ = {isa = PBXFileReference; fileEncoding = 4; lastKnownFileType = sourcecode.c.objc; name = User.m; path = Classes/User.m; sourceTree = "<group>"; };
		F58AFCDD1B343A4200E1AC4C /* MeViewController.h */ = {isa = PBXFileReference; fileEncoding = 4; lastKnownFileType = sourcecode.c.h; name = MeViewController.h; path = Classes/MeViewController.h; sourceTree = "<group>"; };
		F58AFCDE1B343A4200E1AC4C /* MeViewController.m */ = {isa = PBXFileReference; fileEncoding = 4; lastKnownFileType = sourcecode.c.objc; name = MeViewController.m; path = Classes/MeViewController.m; sourceTree = "<group>"; };
		F58BBA0F1B3BE5FE00D2BD52 /* GenderTableViewCell.h */ = {isa = PBXFileReference; fileEncoding = 4; lastKnownFileType = sourcecode.c.h; name = GenderTableViewCell.h; path = Classes/GenderTableViewCell.h; sourceTree = "<group>"; };
		F58BBA101B3BE5FE00D2BD52 /* GenderTableViewCell.m */ = {isa = PBXFileReference; fileEncoding = 4; lastKnownFileType = sourcecode.c.objc; name = GenderTableViewCell.m; path = Classes/GenderTableViewCell.m; sourceTree = "<group>"; };
		F58BBA121B3BFAA000D2BD52 /* SexualOrientationChangeTableViewController.h */ = {isa = PBXFileReference; fileEncoding = 4; lastKnownFileType = sourcecode.c.h; name = SexualOrientationChangeTableViewController.h; path = Classes/SexualOrientationChangeTableViewController.h; sourceTree = "<group>"; };
		F58BBA131B3BFAA000D2BD52 /* SexualOrientationChangeTableViewController.m */ = {isa = PBXFileReference; fileEncoding = 4; lastKnownFileType = sourcecode.c.objc; name = SexualOrientationChangeTableViewController.m; path = Classes/SexualOrientationChangeTableViewController.m; sourceTree = "<group>"; };
		F58BBA151B3BFB1B00D2BD52 /* SexualOrientationTableViewCell.h */ = {isa = PBXFileReference; fileEncoding = 4; lastKnownFileType = sourcecode.c.h; name = SexualOrientationTableViewCell.h; path = Classes/SexualOrientationTableViewCell.h; sourceTree = "<group>"; };
		F58BBA161B3BFB1B00D2BD52 /* SexualOrientationTableViewCell.m */ = {isa = PBXFileReference; fileEncoding = 4; lastKnownFileType = sourcecode.c.objc; name = SexualOrientationTableViewCell.m; path = Classes/SexualOrientationTableViewCell.m; sourceTree = "<group>"; };
		F58C51481B3A83D000DEDE11 /* MeInfoTableViewCell.xib */ = {isa = PBXFileReference; fileEncoding = 4; lastKnownFileType = file.xib; path = MeInfoTableViewCell.xib; sourceTree = "<group>"; };
		F58C514D1B3A85DC00DEDE11 /* MeInfoTableViewCell.h */ = {isa = PBXFileReference; fileEncoding = 4; lastKnownFileType = sourcecode.c.h; name = MeInfoTableViewCell.h; path = Classes/MeInfoTableViewCell.h; sourceTree = "<group>"; };
		F58C514E1B3A85DC00DEDE11 /* MeInfoTableViewCell.m */ = {isa = PBXFileReference; fileEncoding = 4; lastKnownFileType = sourcecode.c.objc; name = MeInfoTableViewCell.m; path = Classes/MeInfoTableViewCell.m; sourceTree = "<group>"; };
		F58C51501B3A863C00DEDE11 /* MeInfoTableView.h */ = {isa = PBXFileReference; fileEncoding = 4; lastKnownFileType = sourcecode.c.h; name = MeInfoTableView.h; path = Classes/MeInfoTableView.h; sourceTree = "<group>"; };
		F58C51511B3A863C00DEDE11 /* MeInfoTableView.m */ = {isa = PBXFileReference; fileEncoding = 4; lastKnownFileType = sourcecode.c.objc; name = MeInfoTableView.m; path = Classes/MeInfoTableView.m; sourceTree = "<group>"; };
		F58C51541B3A92F000DEDE11 /* MeInfoViewController.h */ = {isa = PBXFileReference; fileEncoding = 4; lastKnownFileType = sourcecode.c.h; name = MeInfoViewController.h; path = Classes/MeInfoViewController.h; sourceTree = "<group>"; };
		F58C51551B3A92F000DEDE11 /* MeInfoViewController.m */ = {isa = PBXFileReference; fileEncoding = 4; lastKnownFileType = sourcecode.c.objc; name = MeInfoViewController.m; path = Classes/MeInfoViewController.m; sourceTree = "<group>"; };
		F58C51581B3AA3D100DEDE11 /* MeInfoSettingTableViewController.h */ = {isa = PBXFileReference; fileEncoding = 4; lastKnownFileType = sourcecode.c.h; name = MeInfoSettingTableViewController.h; path = Classes/MeInfoSettingTableViewController.h; sourceTree = "<group>"; };
		F58C51591B3AA3D100DEDE11 /* MeInfoSettingTableViewController.m */ = {isa = PBXFileReference; fileEncoding = 4; lastKnownFileType = sourcecode.c.objc; name = MeInfoSettingTableViewController.m; path = Classes/MeInfoSettingTableViewController.m; sourceTree = "<group>"; };
		F58C515B1B3AAD5100DEDE11 /* MeInfoImageChangeTableViewCell.h */ = {isa = PBXFileReference; fileEncoding = 4; lastKnownFileType = sourcecode.c.h; name = MeInfoImageChangeTableViewCell.h; path = Classes/MeInfoImageChangeTableViewCell.h; sourceTree = "<group>"; };
		F58C515C1B3AAD5100DEDE11 /* MeInfoImageChangeTableViewCell.m */ = {isa = PBXFileReference; fileEncoding = 4; lastKnownFileType = sourcecode.c.objc; name = MeInfoImageChangeTableViewCell.m; path = Classes/MeInfoImageChangeTableViewCell.m; sourceTree = "<group>"; };
		F58C515E1B3AAECD00DEDE11 /* MeInfoSettingIndicatorTableViewCell.h */ = {isa = PBXFileReference; fileEncoding = 4; lastKnownFileType = sourcecode.c.h; name = MeInfoSettingIndicatorTableViewCell.h; path = Classes/MeInfoSettingIndicatorTableViewCell.h; sourceTree = "<group>"; };
		F58C515F1B3AAECD00DEDE11 /* MeInfoSettingIndicatorTableViewCell.m */ = {isa = PBXFileReference; fileEncoding = 4; lastKnownFileType = sourcecode.c.objc; name = MeInfoSettingIndicatorTableViewCell.m; path = Classes/MeInfoSettingIndicatorTableViewCell.m; sourceTree = "<group>"; };
		F58C51611B3AAF3500DEDE11 /* MeInfoSettingTableViewCell.h */ = {isa = PBXFileReference; fileEncoding = 4; lastKnownFileType = sourcecode.c.h; name = MeInfoSettingTableViewCell.h; path = Classes/MeInfoSettingTableViewCell.h; sourceTree = "<group>"; };
		F58C51621B3AAF3500DEDE11 /* MeInfoSettingTableViewCell.m */ = {isa = PBXFileReference; fileEncoding = 4; lastKnownFileType = sourcecode.c.objc; name = MeInfoSettingTableViewCell.m; path = Classes/MeInfoSettingTableViewCell.m; sourceTree = "<group>"; };
		F58C51641B3AB39D00DEDE11 /* NickNameChangeViewController.h */ = {isa = PBXFileReference; fileEncoding = 4; lastKnownFileType = sourcecode.c.h; name = NickNameChangeViewController.h; path = Classes/NickNameChangeViewController.h; sourceTree = "<group>"; };
		F58C51651B3AB39D00DEDE11 /* NickNameChangeViewController.m */ = {isa = PBXFileReference; fileEncoding = 4; lastKnownFileType = sourcecode.c.objc; name = NickNameChangeViewController.m; path = Classes/NickNameChangeViewController.m; sourceTree = "<group>"; };
		F58C51671B3AD64800DEDE11 /* DescriptionChangeViewController.h */ = {isa = PBXFileReference; fileEncoding = 4; lastKnownFileType = sourcecode.c.h; name = DescriptionChangeViewController.h; path = Classes/DescriptionChangeViewController.h; sourceTree = "<group>"; };
		F58C51681B3AD64800DEDE11 /* DescriptionChangeViewController.m */ = {isa = PBXFileReference; fileEncoding = 4; lastKnownFileType = sourcecode.c.objc; name = DescriptionChangeViewController.m; path = Classes/DescriptionChangeViewController.m; sourceTree = "<group>"; };
		F58C516E1B3ADDA800DEDE11 /* MSDTextView.h */ = {isa = PBXFileReference; fileEncoding = 4; lastKnownFileType = sourcecode.c.h; name = MSDTextView.h; path = Classes/MSDTextView.h; sourceTree = "<group>"; };
		F58C516F1B3ADDA800DEDE11 /* MSDTextView.m */ = {isa = PBXFileReference; fileEncoding = 4; lastKnownFileType = sourcecode.c.objc; name = MSDTextView.m; path = Classes/MSDTextView.m; sourceTree = "<group>"; };
		F5A0143C1B3B9DA6000CB1B7 /* UserPreference.h */ = {isa = PBXFileReference; fileEncoding = 4; lastKnownFileType = sourcecode.c.h; name = UserPreference.h; path = Classes/UserPreference.h; sourceTree = "<group>"; };
		F5A0143D1B3B9DA6000CB1B7 /* UserPreference.m */ = {isa = PBXFileReference; fileEncoding = 4; lastKnownFileType = sourcecode.c.objc; name = UserPreference.m; path = Classes/UserPreference.m; sourceTree = "<group>"; };
		F5E00E5E1B3B129C00ACE6B6 /* GenderChangeTableViewController.h */ = {isa = PBXFileReference; fileEncoding = 4; lastKnownFileType = sourcecode.c.h; name = GenderChangeTableViewController.h; path = Classes/GenderChangeTableViewController.h; sourceTree = "<group>"; };
		F5E00E5F1B3B129C00ACE6B6 /* GenderChangeTableViewController.m */ = {isa = PBXFileReference; fileEncoding = 4; lastKnownFileType = sourcecode.c.objc; name = GenderChangeTableViewController.m; path = Classes/GenderChangeTableViewController.m; sourceTree = "<group>"; };
/* End PBXFileReference section */

/* Begin PBXFrameworksBuildPhase section */
		D73588981B2F3EF000BB80A6 /* Frameworks */ = {
			isa = PBXFrameworksBuildPhase;
			buildActionMask = 2147483647;
			files = (
				F57E463D1B39440A004D4DB6 /* libc++.dylib in Frameworks */,
				F57E463B1B3943FB004D4DB6 /* libicucore.dylib in Frameworks */,
				F57E46391B3943F5004D4DB6 /* CoreLocation.framework in Frameworks */,
				F57E46371B3943F0004D4DB6 /* CoreTelephony.framework in Frameworks */,
				F57E46351B3943EA004D4DB6 /* MobileCoreServices.framework in Frameworks */,
				F57E46331B3943E3004D4DB6 /* SystemConfiguration.framework in Frameworks */,
				E3170038D6F342276A11F688 /* libPods.a in Frameworks */,
			);
			runOnlyForDeploymentPostprocessing = 0;
		};
		D73588B11B2F3EF000BB80A6 /* Frameworks */ = {
			isa = PBXFrameworksBuildPhase;
			buildActionMask = 2147483647;
			files = (
			);
			runOnlyForDeploymentPostprocessing = 0;
		};
/* End PBXFrameworksBuildPhase section */

/* Begin PBXGroup section */
		2046CFBAB3FF379C6FA0390B /* Pods */ = {
			isa = PBXGroup;
			children = (
				0520A53065392D164C05272A /* Pods.debug.xcconfig */,
				4EB331DC72A19A2559A59DA0 /* Pods.release.xcconfig */,
			);
			name = Pods;
			sourceTree = "<group>";
		};
		CC5385E823CBB54B6BC82FA6 /* Frameworks */ = {
			isa = PBXGroup;
			children = (
				F57E463C1B39440A004D4DB6 /* libc++.dylib */,
				F57E463A1B3943FB004D4DB6 /* libicucore.dylib */,
				F57E46381B3943F5004D4DB6 /* CoreLocation.framework */,
				F57E46361B3943F0004D4DB6 /* CoreTelephony.framework */,
				F57E46341B3943EA004D4DB6 /* MobileCoreServices.framework */,
				F57E46321B3943E3004D4DB6 /* SystemConfiguration.framework */,
				4FBD072BB593FA35AFC4C539 /* libPods.a */,
			);
			name = Frameworks;
			sourceTree = "<group>";
		};
		D73588921B2F3EF000BB80A6 = {
			isa = PBXGroup;
			children = (
				D735889D1B2F3EF000BB80A6 /* ShowOff */,
				D73588B71B2F3EF000BB80A6 /* ShowOffTests */,
				D735889C1B2F3EF000BB80A6 /* Products */,
				2046CFBAB3FF379C6FA0390B /* Pods */,
				CC5385E823CBB54B6BC82FA6 /* Frameworks */,
			);
			sourceTree = "<group>";
		};
		D735889C1B2F3EF000BB80A6 /* Products */ = {
			isa = PBXGroup;
			children = (
				D735889B1B2F3EF000BB80A6 /* ShowOff.app */,
				D73588B41B2F3EF000BB80A6 /* ShowOffTests.xctest */,
			);
			name = Products;
			sourceTree = "<group>";
		};
		D735889D1B2F3EF000BB80A6 /* ShowOff */ = {
			isa = PBXGroup;
			children = (
				F58AFCC81B33C26C00E1AC4C /* Universal.h */,
				F57E46291B38FF8E004D4DB6 /* Utils.h */,
				F57E462A1B38FF8E004D4DB6 /* Utils.m */,
				D73588A21B2F3EF000BB80A6 /* AppDelegate.h */,
				D73588A31B2F3EF000BB80A6 /* AppDelegate.m */,
				F58AFCAE1B33B71300E1AC4C /* Classes */,
				F53DB0B81B2FB442008CC34F /* StoryBoards */,
				D73588AB1B2F3EF000BB80A6 /* Images.xcassets */,
				D735889E1B2F3EF000BB80A6 /* Supporting Files */,
			);
			path = ShowOff;
			sourceTree = "<group>";
		};
		D735889E1B2F3EF000BB80A6 /* Supporting Files */ = {
			isa = PBXGroup;
			children = (
				D735889F1B2F3EF000BB80A6 /* Info.plist */,
				D73588A01B2F3EF000BB80A6 /* main.m */,
			);
			name = "Supporting Files";
			sourceTree = "<group>";
		};
		D73588B71B2F3EF000BB80A6 /* ShowOffTests */ = {
			isa = PBXGroup;
			children = (
				D73588BA1B2F3EF000BB80A6 /* ShowOffTests.m */,
				D73588B81B2F3EF000BB80A6 /* Supporting Files */,
			);
			path = ShowOffTests;
			sourceTree = "<group>";
		};
		D73588B81B2F3EF000BB80A6 /* Supporting Files */ = {
			isa = PBXGroup;
			children = (
				D73588B91B2F3EF000BB80A6 /* Info.plist */,
			);
			name = "Supporting Files";
			sourceTree = "<group>";
		};
		F53DB0B81B2FB442008CC34F /* StoryBoards */ = {
			isa = PBXGroup;
			children = (
				D73588AD1B2F3EF000BB80A6 /* LaunchScreen.xib */,
				D79ACB5C1B37F99500E01D01 /* Main.storyboard */,
			);
			name = StoryBoards;
			sourceTree = "<group>";
		};
		F58AFCAE1B33B71300E1AC4C /* Classes */ = {
			isa = PBXGroup;
			children = (
				F58AFCCD1B33E2F400E1AC4C /* Universal */,
				F58AFCB81B33BB1500E1AC4C /* Home */,
				F58AFCD21B341D0A00E1AC4C /* Notification */,
				F58AFCD31B341D1D00E1AC4C /* Me */,
			);
			name = Classes;
			sourceTree = "<group>";
		};
		F58AFCB81B33BB1500E1AC4C /* Home */ = {
			isa = PBXGroup;
			children = (
				F58AFCC91B33DF2900E1AC4C /* Objects */,
				F58AFCBB1B33BB5100E1AC4C /* Nibs */,
				F58AFCBE1B33BC7800E1AC4C /* Controllers */,
				F58AFCBF1B33BC8100E1AC4C /* Views */,
			);
			name = Home;
			sourceTree = "<group>";
		};
		F58AFCBB1B33BB5100E1AC4C /* Nibs */ = {
			isa = PBXGroup;
			children = (
				F58AFCBC1B33BC2D00E1AC4C /* NewestTableViewCell.xib */,
				F58AFCC31B33BFF500E1AC4C /* HottestTableViewCell.xib */,
			);
			name = Nibs;
			sourceTree = "<group>";
		};
		F58AFCBE1B33BC7800E1AC4C /* Controllers */ = {
			isa = PBXGroup;
			children = (
				F58AFCAF1B33B79300E1AC4C /* HomeViewController.h */,
				F58AFCB01B33B79300E1AC4C /* HomeViewController.m */,
			);
			name = Controllers;
			sourceTree = "<group>";
		};
		F58AFCBF1B33BC8100E1AC4C /* Views */ = {
			isa = PBXGroup;
			children = (
				F58AFCB21B33B7BA00E1AC4C /* NewestTableView.h */,
				F58AFCB31B33B7BA00E1AC4C /* NewestTableView.m */,
				F58AFCB51B33BA4400E1AC4C /* HottestTableView.h */,
				F58AFCB61B33BA4400E1AC4C /* HottestTableView.m */,
				F58AFCC01B33BCA600E1AC4C /* NewestTableViewCell.h */,
				F58AFCC11B33BCA600E1AC4C /* NewestTableViewCell.m */,
				F58AFCC51B33C01400E1AC4C /* HottestTableViewCell.h */,
				F58AFCC61B33C01400E1AC4C /* HottestTableViewCell.m */,
			);
			name = Views;
			sourceTree = "<group>";
		};
		F58AFCC91B33DF2900E1AC4C /* Objects */ = {
			isa = PBXGroup;
			children = (
				F58AFCCA1B33E03100E1AC4C /* PostObject.h */,
				F58AFCCB1B33E03100E1AC4C /* PostObject.m */,
			);
			name = Objects;
			sourceTree = "<group>";
		};
		F58AFCCD1B33E2F400E1AC4C /* Universal */ = {
			isa = PBXGroup;
			children = (
				F58C516A1B3ADC9000DEDE11 /* MSDTextView */,
				F58AFCCE1B33E2FD00E1AC4C /* Objects */,
			);
			name = Universal;
			sourceTree = "<group>";
		};
		F58AFCCE1B33E2FD00E1AC4C /* Objects */ = {
			isa = PBXGroup;
			children = (
				F58AFCCF1B33E31000E1AC4C /* User.h */,
				F58AFCD01B33E31000E1AC4C /* User.m */,
				F5A0143C1B3B9DA6000CB1B7 /* UserPreference.h */,
				F5A0143D1B3B9DA6000CB1B7 /* UserPreference.m */,
			);
			name = Objects;
			sourceTree = "<group>";
		};
		F58AFCD21B341D0A00E1AC4C /* Notification */ = {
			isa = PBXGroup;
			children = (
			);
			name = Notification;
			sourceTree = "<group>";
		};
		F58AFCD31B341D1D00E1AC4C /* Me */ = {
			isa = PBXGroup;
			children = (
				F58AFCD71B341D5500E1AC4C /* Objects */,
				F58AFCD61B341D5100E1AC4C /* Views */,
				F58AFCD51B341D4700E1AC4C /* Controllers */,
				F58AFCD41B341D4000E1AC4C /* Nibs */,
			);
			name = Me;
			sourceTree = "<group>";
		};
		F58AFCD41B341D4000E1AC4C /* Nibs */ = {
			isa = PBXGroup;
			children = (
				F58C51481B3A83D000DEDE11 /* MeInfoTableViewCell.xib */,
			);
			name = Nibs;
			sourceTree = "<group>";
		};
		F58AFCD51B341D4700E1AC4C /* Controllers */ = {
			isa = PBXGroup;
			children = (
				F57E462F1B3934B4004D4DB6 /* UserNamePasswordInputViewController.h */,
				F57E46301B3934B4004D4DB6 /* UserNamePasswordInputViewController.m */,
				F57E462C1B3926E0004D4DB6 /* LoginViewController.h */,
				F57E462D1B3926E0004D4DB6 /* LoginViewController.m */,
				F58AFCDD1B343A4200E1AC4C /* MeViewController.h */,
				F58AFCDE1B343A4200E1AC4C /* MeViewController.m */,
				F58C51571B3A92F400DEDE11 /* MeInfo */,
			);
			name = Controllers;
			sourceTree = "<group>";
		};
		F58AFCD61B341D5100E1AC4C /* Views */ = {
			isa = PBXGroup;
			children = (
				D79ACB501B37EAC700E01D01 /* MeTableView.h */,
				D79ACB511B37EAC700E01D01 /* MeTableView.m */,
				D79ACB531B37EBBD00E01D01 /* MeUserInfoTableViewCell.h */,
				D79ACB541B37EBBD00E01D01 /* MeUserInfoTableViewCell.m */,
				D79ACB561B37EC6800E01D01 /* MeSettingTableViewCell.h */,
				D79ACB571B37EC6800E01D01 /* MeSettingTableViewCell.m */,
				D79ACB591B37EC7800E01D01 /* MeSwitchTableViewCell.h */,
				D79ACB5A1B37EC7800E01D01 /* MeSwitchTableViewCell.m */,
				F58C51531B3A864800DEDE11 /* MeInfo */,
			);
			name = Views;
			sourceTree = "<group>";
		};
		F58AFCD71B341D5500E1AC4C /* Objects */ = {
			isa = PBXGroup;
			children = (
			);
			name = Objects;
			sourceTree = "<group>";
		};
		F58C51531B3A864800DEDE11 /* MeInfo */ = {
			isa = PBXGroup;
			children = (
				F58C51501B3A863C00DEDE11 /* MeInfoTableView.h */,
				F58C51511B3A863C00DEDE11 /* MeInfoTableView.m */,
				F58C514D1B3A85DC00DEDE11 /* MeInfoTableViewCell.h */,
				F58C514E1B3A85DC00DEDE11 /* MeInfoTableViewCell.m */,
				F58C515B1B3AAD5100DEDE11 /* MeInfoImageChangeTableViewCell.h */,
				F58C515C1B3AAD5100DEDE11 /* MeInfoImageChangeTableViewCell.m */,
				F58C515E1B3AAECD00DEDE11 /* MeInfoSettingIndicatorTableViewCell.h */,
				F58C515F1B3AAECD00DEDE11 /* MeInfoSettingIndicatorTableViewCell.m */,
				F58C51611B3AAF3500DEDE11 /* MeInfoSettingTableViewCell.h */,
				F58C51621B3AAF3500DEDE11 /* MeInfoSettingTableViewCell.m */,
				F58BBA0F1B3BE5FE00D2BD52 /* GenderTableViewCell.h */,
				F58BBA101B3BE5FE00D2BD52 /* GenderTableViewCell.m */,
				F58BBA151B3BFB1B00D2BD52 /* SexualOrientationTableViewCell.h */,
				F58BBA161B3BFB1B00D2BD52 /* SexualOrientationTableViewCell.m */,
			);
			name = MeInfo;
			sourceTree = "<group>";
		};
		F58C51571B3A92F400DEDE11 /* MeInfo */ = {
			isa = PBXGroup;
			children = (
				F58C51541B3A92F000DEDE11 /* MeInfoViewController.h */,
				F58C51551B3A92F000DEDE11 /* MeInfoViewController.m */,
				F58C51581B3AA3D100DEDE11 /* MeInfoSettingTableViewController.h */,
				F58C51591B3AA3D100DEDE11 /* MeInfoSettingTableViewController.m */,
				F58C51641B3AB39D00DEDE11 /* NickNameChangeViewController.h */,
				F58C51651B3AB39D00DEDE11 /* NickNameChangeViewController.m */,
				F58C51671B3AD64800DEDE11 /* DescriptionChangeViewController.h */,
				F58C51681B3AD64800DEDE11 /* DescriptionChangeViewController.m */,
				F5E00E5E1B3B129C00ACE6B6 /* GenderChangeTableViewController.h */,
				F5E00E5F1B3B129C00ACE6B6 /* GenderChangeTableViewController.m */,
				F58BBA121B3BFAA000D2BD52 /* SexualOrientationChangeTableViewController.h */,
				F58BBA131B3BFAA000D2BD52 /* SexualOrientationChangeTableViewController.m */,
			);
			name = MeInfo;
			sourceTree = "<group>";
		};
		F58C516A1B3ADC9000DEDE11 /* MSDTextView */ = {
			isa = PBXGroup;
			children = (
				F58C516E1B3ADDA800DEDE11 /* MSDTextView.h */,
				F58C516F1B3ADDA800DEDE11 /* MSDTextView.m */,
			);
			name = MSDTextView;
			sourceTree = "<group>";
		};
/* End PBXGroup section */

/* Begin PBXNativeTarget section */
		D735889A1B2F3EF000BB80A6 /* ShowOff */ = {
			isa = PBXNativeTarget;
			buildConfigurationList = D73588BE1B2F3EF000BB80A6 /* Build configuration list for PBXNativeTarget "ShowOff" */;
			buildPhases = (
				8C7956CEF3F84A5E8ECD8149 /* Check Pods Manifest.lock */,
				D73588971B2F3EF000BB80A6 /* Sources */,
				D73588981B2F3EF000BB80A6 /* Frameworks */,
				D73588991B2F3EF000BB80A6 /* Resources */,
				ACBB896901CFE3B3CC16ABA1 /* Copy Pods Resources */,
			);
			buildRules = (
			);
			dependencies = (
			);
			name = ShowOff;
			productName = ShowOff;
			productReference = D735889B1B2F3EF000BB80A6 /* ShowOff.app */;
			productType = "com.apple.product-type.application";
		};
		D73588B31B2F3EF000BB80A6 /* ShowOffTests */ = {
			isa = PBXNativeTarget;
			buildConfigurationList = D73588C11B2F3EF000BB80A6 /* Build configuration list for PBXNativeTarget "ShowOffTests" */;
			buildPhases = (
				D73588B01B2F3EF000BB80A6 /* Sources */,
				D73588B11B2F3EF000BB80A6 /* Frameworks */,
				D73588B21B2F3EF000BB80A6 /* Resources */,
			);
			buildRules = (
			);
			dependencies = (
				D73588B61B2F3EF000BB80A6 /* PBXTargetDependency */,
			);
			name = ShowOffTests;
			productName = ShowOffTests;
			productReference = D73588B41B2F3EF000BB80A6 /* ShowOffTests.xctest */;
			productType = "com.apple.product-type.bundle.unit-test";
		};
/* End PBXNativeTarget section */

/* Begin PBXProject section */
		D73588931B2F3EF000BB80A6 /* Project object */ = {
			isa = PBXProject;
			attributes = {
				LastUpgradeCheck = 0630;
				ORGANIZATIONNAME = mesird;
				TargetAttributes = {
					D735889A1B2F3EF000BB80A6 = {
						CreatedOnToolsVersion = 6.3.2;
					};
					D73588B31B2F3EF000BB80A6 = {
						CreatedOnToolsVersion = 6.3.2;
						TestTargetID = D735889A1B2F3EF000BB80A6;
					};
				};
			};
			buildConfigurationList = D73588961B2F3EF000BB80A6 /* Build configuration list for PBXProject "ShowOff" */;
			compatibilityVersion = "Xcode 3.2";
			developmentRegion = English;
			hasScannedForEncodings = 0;
			knownRegions = (
				en,
				Base,
			);
			mainGroup = D73588921B2F3EF000BB80A6;
			productRefGroup = D735889C1B2F3EF000BB80A6 /* Products */;
			projectDirPath = "";
			projectRoot = "";
			targets = (
				D735889A1B2F3EF000BB80A6 /* ShowOff */,
				D73588B31B2F3EF000BB80A6 /* ShowOffTests */,
			);
		};
/* End PBXProject section */

/* Begin PBXResourcesBuildPhase section */
		D73588991B2F3EF000BB80A6 /* Resources */ = {
			isa = PBXResourcesBuildPhase;
			buildActionMask = 2147483647;
			files = (
				D79ACB5D1B37F99500E01D01 /* Main.storyboard in Resources */,
				D73588AF1B2F3EF000BB80A6 /* LaunchScreen.xib in Resources */,
				F58AFCC41B33BFF500E1AC4C /* HottestTableViewCell.xib in Resources */,
				F58AFCBD1B33BC2D00E1AC4C /* NewestTableViewCell.xib in Resources */,
				F58C51491B3A83D000DEDE11 /* MeInfoTableViewCell.xib in Resources */,
				D73588AC1B2F3EF000BB80A6 /* Images.xcassets in Resources */,
			);
			runOnlyForDeploymentPostprocessing = 0;
		};
		D73588B21B2F3EF000BB80A6 /* Resources */ = {
			isa = PBXResourcesBuildPhase;
			buildActionMask = 2147483647;
			files = (
			);
			runOnlyForDeploymentPostprocessing = 0;
		};
/* End PBXResourcesBuildPhase section */

/* Begin PBXShellScriptBuildPhase section */
		8C7956CEF3F84A5E8ECD8149 /* Check Pods Manifest.lock */ = {
			isa = PBXShellScriptBuildPhase;
			buildActionMask = 2147483647;
			files = (
			);
			inputPaths = (
			);
			name = "Check Pods Manifest.lock";
			outputPaths = (
			);
			runOnlyForDeploymentPostprocessing = 0;
			shellPath = /bin/sh;
			shellScript = "diff \"${PODS_ROOT}/../Podfile.lock\" \"${PODS_ROOT}/Manifest.lock\" > /dev/null\nif [[ $? != 0 ]] ; then\n    cat << EOM\nerror: The sandbox is not in sync with the Podfile.lock. Run 'pod install' or update your CocoaPods installation.\nEOM\n    exit 1\nfi\n";
			showEnvVarsInLog = 0;
		};
		ACBB896901CFE3B3CC16ABA1 /* Copy Pods Resources */ = {
			isa = PBXShellScriptBuildPhase;
			buildActionMask = 2147483647;
			files = (
			);
			inputPaths = (
			);
			name = "Copy Pods Resources";
			outputPaths = (
			);
			runOnlyForDeploymentPostprocessing = 0;
			shellPath = /bin/sh;
			shellScript = "\"${SRCROOT}/Pods/Target Support Files/Pods/Pods-resources.sh\"\n";
			showEnvVarsInLog = 0;
		};
/* End PBXShellScriptBuildPhase section */

/* Begin PBXSourcesBuildPhase section */
		D73588971B2F3EF000BB80A6 /* Sources */ = {
			isa = PBXSourcesBuildPhase;
			buildActionMask = 2147483647;
			files = (
				F58AFCB41B33B7BA00E1AC4C /* NewestTableView.m in Sources */,
				F58C51521B3A863C00DEDE11 /* MeInfoTableView.m in Sources */,
				D73588A41B2F3EF000BB80A6 /* AppDelegate.m in Sources */,
				F5A0143E1B3B9DA6000CB1B7 /* UserPreference.m in Sources */,
				F58C51631B3AAF3500DEDE11 /* MeInfoSettingTableViewCell.m in Sources */,
				F58C51601B3AAECD00DEDE11 /* MeInfoSettingIndicatorTableViewCell.m in Sources */,
				F58C51661B3AB39D00DEDE11 /* NickNameChangeViewController.m in Sources */,
				F58AFCD11B33E31000E1AC4C /* User.m in Sources */,
				F57E462B1B38FF8E004D4DB6 /* Utils.m in Sources */,
				F58C515A1B3AA3D100DEDE11 /* MeInfoSettingTableViewController.m in Sources */,
				D73588A11B2F3EF000BB80A6 /* main.m in Sources */,
				F58AFCDF1B343A4200E1AC4C /* MeViewController.m in Sources */,
				F58C51701B3ADDA800DEDE11 /* MSDTextView.m in Sources */,
				D79ACB5B1B37EC7800E01D01 /* MeSwitchTableViewCell.m in Sources */,
				F57E462E1B3926E0004D4DB6 /* LoginViewController.m in Sources */,
				F57E46311B3934B4004D4DB6 /* UserNamePasswordInputViewController.m in Sources */,
				F58BBA111B3BE5FE00D2BD52 /* GenderTableViewCell.m in Sources */,
				F58C514F1B3A85DC00DEDE11 /* MeInfoTableViewCell.m in Sources */,
				F58AFCC21B33BCA600E1AC4C /* NewestTableViewCell.m in Sources */,
				F58C51561B3A92F000DEDE11 /* MeInfoViewController.m in Sources */,
				D79ACB581B37EC6800E01D01 /* MeSettingTableViewCell.m in Sources */,
				F58AFCCC1B33E03100E1AC4C /* PostObject.m in Sources */,
				F58AFCC71B33C01400E1AC4C /* HottestTableViewCell.m in Sources */,
				F58C51691B3AD64800DEDE11 /* DescriptionChangeViewController.m in Sources */,
				F58BBA171B3BFB1B00D2BD52 /* SexualOrientationTableViewCell.m in Sources */,
				D79ACB551B37EBBD00E01D01 /* MeUserInfoTableViewCell.m in Sources */,
				F58C515D1B3AAD5100DEDE11 /* MeInfoImageChangeTableViewCell.m in Sources */,
				F58BBA141B3BFAA000D2BD52 /* SexualOrientationChangeTableViewController.m in Sources */,
				F58AFCB11B33B79300E1AC4C /* HomeViewController.m in Sources */,
				F5E00E601B3B129C00ACE6B6 /* GenderChangeTableViewController.m in Sources */,
				D79ACB521B37EAC700E01D01 /* MeTableView.m in Sources */,
				F58AFCB71B33BA4400E1AC4C /* HottestTableView.m in Sources */,
			);
			runOnlyForDeploymentPostprocessing = 0;
		};
		D73588B01B2F3EF000BB80A6 /* Sources */ = {
			isa = PBXSourcesBuildPhase;
			buildActionMask = 2147483647;
			files = (
				D73588BB1B2F3EF000BB80A6 /* ShowOffTests.m in Sources */,
			);
			runOnlyForDeploymentPostprocessing = 0;
		};
/* End PBXSourcesBuildPhase section */

/* Begin PBXTargetDependency section */
		D73588B61B2F3EF000BB80A6 /* PBXTargetDependency */ = {
			isa = PBXTargetDependency;
			target = D735889A1B2F3EF000BB80A6 /* ShowOff */;
			targetProxy = D73588B51B2F3EF000BB80A6 /* PBXContainerItemProxy */;
		};
/* End PBXTargetDependency section */

/* Begin PBXVariantGroup section */
		D73588AD1B2F3EF000BB80A6 /* LaunchScreen.xib */ = {
			isa = PBXVariantGroup;
			children = (
				D73588AE1B2F3EF000BB80A6 /* Base */,
			);
			name = LaunchScreen.xib;
			sourceTree = "<group>";
		};
/* End PBXVariantGroup section */

/* Begin XCBuildConfiguration section */
		D73588BC1B2F3EF000BB80A6 /* Debug */ = {
			isa = XCBuildConfiguration;
			buildSettings = {
				ALWAYS_SEARCH_USER_PATHS = NO;
				CLANG_CXX_LANGUAGE_STANDARD = "gnu++0x";
				CLANG_CXX_LIBRARY = "libc++";
				CLANG_ENABLE_MODULES = YES;
				CLANG_ENABLE_OBJC_ARC = YES;
				CLANG_WARN_BOOL_CONVERSION = YES;
				CLANG_WARN_CONSTANT_CONVERSION = YES;
				CLANG_WARN_DIRECT_OBJC_ISA_USAGE = YES_ERROR;
				CLANG_WARN_EMPTY_BODY = YES;
				CLANG_WARN_ENUM_CONVERSION = YES;
				CLANG_WARN_INT_CONVERSION = YES;
				CLANG_WARN_OBJC_ROOT_CLASS = YES_ERROR;
				CLANG_WARN_UNREACHABLE_CODE = YES;
				CLANG_WARN__DUPLICATE_METHOD_MATCH = YES;
				"CODE_SIGN_IDENTITY[sdk=iphoneos*]" = "iPhone Developer";
				COPY_PHASE_STRIP = NO;
				DEBUG_INFORMATION_FORMAT = "dwarf-with-dsym";
				ENABLE_STRICT_OBJC_MSGSEND = YES;
				GCC_C_LANGUAGE_STANDARD = gnu99;
				GCC_DYNAMIC_NO_PIC = NO;
				GCC_NO_COMMON_BLOCKS = YES;
				GCC_OPTIMIZATION_LEVEL = 0;
				GCC_PREPROCESSOR_DEFINITIONS = (
					"DEBUG=1",
					"$(inherited)",
				);
				GCC_SYMBOLS_PRIVATE_EXTERN = NO;
				GCC_WARN_64_TO_32_BIT_CONVERSION = YES;
				GCC_WARN_ABOUT_RETURN_TYPE = YES_ERROR;
				GCC_WARN_UNDECLARED_SELECTOR = YES;
				GCC_WARN_UNINITIALIZED_AUTOS = YES_AGGRESSIVE;
				GCC_WARN_UNUSED_FUNCTION = YES;
				GCC_WARN_UNUSED_VARIABLE = YES;
				IPHONEOS_DEPLOYMENT_TARGET = 8.3;
				MTL_ENABLE_DEBUG_INFO = YES;
				ONLY_ACTIVE_ARCH = YES;
				SDKROOT = iphoneos;
			};
			name = Debug;
		};
		D73588BD1B2F3EF000BB80A6 /* Release */ = {
			isa = XCBuildConfiguration;
			buildSettings = {
				ALWAYS_SEARCH_USER_PATHS = NO;
				CLANG_CXX_LANGUAGE_STANDARD = "gnu++0x";
				CLANG_CXX_LIBRARY = "libc++";
				CLANG_ENABLE_MODULES = YES;
				CLANG_ENABLE_OBJC_ARC = YES;
				CLANG_WARN_BOOL_CONVERSION = YES;
				CLANG_WARN_CONSTANT_CONVERSION = YES;
				CLANG_WARN_DIRECT_OBJC_ISA_USAGE = YES_ERROR;
				CLANG_WARN_EMPTY_BODY = YES;
				CLANG_WARN_ENUM_CONVERSION = YES;
				CLANG_WARN_INT_CONVERSION = YES;
				CLANG_WARN_OBJC_ROOT_CLASS = YES_ERROR;
				CLANG_WARN_UNREACHABLE_CODE = YES;
				CLANG_WARN__DUPLICATE_METHOD_MATCH = YES;
				"CODE_SIGN_IDENTITY[sdk=iphoneos*]" = "iPhone Developer";
				COPY_PHASE_STRIP = NO;
				DEBUG_INFORMATION_FORMAT = "dwarf-with-dsym";
				ENABLE_NS_ASSERTIONS = NO;
				ENABLE_STRICT_OBJC_MSGSEND = YES;
				GCC_C_LANGUAGE_STANDARD = gnu99;
				GCC_NO_COMMON_BLOCKS = YES;
				GCC_WARN_64_TO_32_BIT_CONVERSION = YES;
				GCC_WARN_ABOUT_RETURN_TYPE = YES_ERROR;
				GCC_WARN_UNDECLARED_SELECTOR = YES;
				GCC_WARN_UNINITIALIZED_AUTOS = YES_AGGRESSIVE;
				GCC_WARN_UNUSED_FUNCTION = YES;
				GCC_WARN_UNUSED_VARIABLE = YES;
				IPHONEOS_DEPLOYMENT_TARGET = 8.3;
				MTL_ENABLE_DEBUG_INFO = NO;
				SDKROOT = iphoneos;
				VALIDATE_PRODUCT = YES;
			};
			name = Release;
		};
		D73588BF1B2F3EF000BB80A6 /* Debug */ = {
			isa = XCBuildConfiguration;
			baseConfigurationReference = 0520A53065392D164C05272A /* Pods.debug.xcconfig */;
			buildSettings = {
				ASSETCATALOG_COMPILER_APPICON_NAME = AppIcon;
				INFOPLIST_FILE = ShowOff/Info.plist;
				IPHONEOS_DEPLOYMENT_TARGET = 7.0;
				LD_RUNPATH_SEARCH_PATHS = "$(inherited) @executable_path/Frameworks";
				PRODUCT_NAME = "$(TARGET_NAME)";
			};
			name = Debug;
		};
		D73588C01B2F3EF000BB80A6 /* Release */ = {
			isa = XCBuildConfiguration;
			baseConfigurationReference = 4EB331DC72A19A2559A59DA0 /* Pods.release.xcconfig */;
			buildSettings = {
				ASSETCATALOG_COMPILER_APPICON_NAME = AppIcon;
				INFOPLIST_FILE = ShowOff/Info.plist;
				IPHONEOS_DEPLOYMENT_TARGET = 7.0;
				LD_RUNPATH_SEARCH_PATHS = "$(inherited) @executable_path/Frameworks";
				PRODUCT_NAME = "$(TARGET_NAME)";
			};
			name = Release;
		};
		D73588C21B2F3EF000BB80A6 /* Debug */ = {
			isa = XCBuildConfiguration;
			buildSettings = {
				BUNDLE_LOADER = "$(TEST_HOST)";
				FRAMEWORK_SEARCH_PATHS = (
					"$(SDKROOT)/Developer/Library/Frameworks",
					"$(inherited)",
				);
				GCC_PREPROCESSOR_DEFINITIONS = (
					"DEBUG=1",
					"$(inherited)",
				);
				INFOPLIST_FILE = ShowOffTests/Info.plist;
				LD_RUNPATH_SEARCH_PATHS = "$(inherited) @executable_path/Frameworks @loader_path/Frameworks";
				PRODUCT_NAME = "$(TARGET_NAME)";
				TEST_HOST = "$(BUILT_PRODUCTS_DIR)/ShowOff.app/ShowOff";
			};
			name = Debug;
		};
		D73588C31B2F3EF000BB80A6 /* Release */ = {
			isa = XCBuildConfiguration;
			buildSettings = {
				BUNDLE_LOADER = "$(TEST_HOST)";
				FRAMEWORK_SEARCH_PATHS = (
					"$(SDKROOT)/Developer/Library/Frameworks",
					"$(inherited)",
				);
				INFOPLIST_FILE = ShowOffTests/Info.plist;
				LD_RUNPATH_SEARCH_PATHS = "$(inherited) @executable_path/Frameworks @loader_path/Frameworks";
				PRODUCT_NAME = "$(TARGET_NAME)";
				TEST_HOST = "$(BUILT_PRODUCTS_DIR)/ShowOff.app/ShowOff";
			};
			name = Release;
		};
/* End XCBuildConfiguration section */

/* Begin XCConfigurationList section */
		D73588961B2F3EF000BB80A6 /* Build configuration list for PBXProject "ShowOff" */ = {
			isa = XCConfigurationList;
			buildConfigurations = (
				D73588BC1B2F3EF000BB80A6 /* Debug */,
				D73588BD1B2F3EF000BB80A6 /* Release */,
			);
			defaultConfigurationIsVisible = 0;
			defaultConfigurationName = Release;
		};
		D73588BE1B2F3EF000BB80A6 /* Build configuration list for PBXNativeTarget "ShowOff" */ = {
			isa = XCConfigurationList;
			buildConfigurations = (
				D73588BF1B2F3EF000BB80A6 /* Debug */,
				D73588C01B2F3EF000BB80A6 /* Release */,
			);
			defaultConfigurationIsVisible = 0;
			defaultConfigurationName = Release;
		};
		D73588C11B2F3EF000BB80A6 /* Build configuration list for PBXNativeTarget "ShowOffTests" */ = {
			isa = XCConfigurationList;
			buildConfigurations = (
				D73588C21B2F3EF000BB80A6 /* Debug */,
				D73588C31B2F3EF000BB80A6 /* Release */,
			);
			defaultConfigurationIsVisible = 0;
			defaultConfigurationName = Release;
		};
/* End XCConfigurationList section */
	};
	rootObject = D73588931B2F3EF000BB80A6 /* Project object */;
}
